// !$*UTF8*$!
{
	archiveVersion = 1;
	classes = {
	};
	objectVersion = 56;
	objects = {

/* Begin PBXBuildFile section */
		F4ABB3942A93C9010054B84B /* monarchApp.swift in Sources */ = {isa = PBXBuildFile; fileRef = F4ABB3932A93C9010054B84B /* monarchApp.swift */; };
		F4ABB3962A93C9010054B84B /* ContentView.swift in Sources */ = {isa = PBXBuildFile; fileRef = F4ABB3952A93C9010054B84B /* ContentView.swift */; };
		F4ABB3982A93C9020054B84B /* Assets.xcassets in Resources */ = {isa = PBXBuildFile; fileRef = F4ABB3972A93C9020054B84B /* Assets.xcassets */; };
		F4ABB39B2A93C9020054B84B /* Preview Assets.xcassets in Resources */ = {isa = PBXBuildFile; fileRef = F4ABB39A2A93C9020054B84B /* Preview Assets.xcassets */; };
		F4ABB3A22A93CA330054B84B /* MapView.swift in Sources */ = {isa = PBXBuildFile; fileRef = F4ABB3A12A93CA330054B84B /* MapView.swift */; };
		F4ABB3A62A93E03D0054B84B /* EncontroView.swift in Sources */ = {isa = PBXBuildFile; fileRef = F4ABB3A52A93E03D0054B84B /* EncontroView.swift */; };
		F4ABB3A82A93E0670054B84B /* FixoView.swift in Sources */ = {isa = PBXBuildFile; fileRef = F4ABB3A72A93E0670054B84B /* FixoView.swift */; };
		F4ABB3AA2A93E0750054B84B /* EventoView.swift in Sources */ = {isa = PBXBuildFile; fileRef = F4ABB3A92A93E0750054B84B /* EventoView.swift */; };
		FBDCE4FB2A9521F600F33434 /* ViewModel.swift in Sources */ = {isa = PBXBuildFile; fileRef = FBDCE4FA2A9521F600F33434 /* ViewModel.swift */; };
		FBDCE5012A96773200F33434 /* LocationManager.swift in Sources */ = {isa = PBXBuildFile; fileRef = FBDCE5002A96773200F33434 /* LocationManager.swift */; };
		FBDCE5032A96776000F33434 /* SearchView.swift in Sources */ = {isa = PBXBuildFile; fileRef = FBDCE5022A96776000F33434 /* SearchView.swift */; };
/* End PBXBuildFile section */

/* Begin PBXFileReference section */
		F4ABB3902A93C9010054B84B /* monarch.app */ = {isa = PBXFileReference; explicitFileType = wrapper.application; includeInIndex = 0; path = monarch.app; sourceTree = BUILT_PRODUCTS_DIR; };
		F4ABB3932A93C9010054B84B /* monarchApp.swift */ = {isa = PBXFileReference; lastKnownFileType = sourcecode.swift; path = monarchApp.swift; sourceTree = "<group>"; };
		F4ABB3952A93C9010054B84B /* ContentView.swift */ = {isa = PBXFileReference; lastKnownFileType = sourcecode.swift; path = ContentView.swift; sourceTree = "<group>"; };
		F4ABB3972A93C9020054B84B /* Assets.xcassets */ = {isa = PBXFileReference; lastKnownFileType = folder.assetcatalog; path = Assets.xcassets; sourceTree = "<group>"; };
		F4ABB39A2A93C9020054B84B /* Preview Assets.xcassets */ = {isa = PBXFileReference; lastKnownFileType = folder.assetcatalog; path = "Preview Assets.xcassets"; sourceTree = "<group>"; };
		F4ABB3A12A93CA330054B84B /* MapView.swift */ = {isa = PBXFileReference; lastKnownFileType = sourcecode.swift; path = MapView.swift; sourceTree = "<group>"; };
		F4ABB3A52A93E03D0054B84B /* EncontroView.swift */ = {isa = PBXFileReference; lastKnownFileType = sourcecode.swift; path = EncontroView.swift; sourceTree = "<group>"; };
		F4ABB3A72A93E0670054B84B /* FixoView.swift */ = {isa = PBXFileReference; lastKnownFileType = sourcecode.swift; path = FixoView.swift; sourceTree = "<group>"; };
		F4ABB3A92A93E0750054B84B /* EventoView.swift */ = {isa = PBXFileReference; lastKnownFileType = sourcecode.swift; path = EventoView.swift; sourceTree = "<group>"; };
		FBDCE4FA2A9521F600F33434 /* ViewModel.swift */ = {isa = PBXFileReference; lastKnownFileType = sourcecode.swift; path = ViewModel.swift; sourceTree = "<group>"; };
		FBDCE5002A96773200F33434 /* LocationManager.swift */ = {isa = PBXFileReference; fileEncoding = 4; lastKnownFileType = sourcecode.swift; path = LocationManager.swift; sourceTree = "<group>"; };
		FBDCE5022A96776000F33434 /* SearchView.swift */ = {isa = PBXFileReference; fileEncoding = 4; lastKnownFileType = sourcecode.swift; path = SearchView.swift; sourceTree = "<group>"; };
/* End PBXFileReference section */

/* Begin PBXFrameworksBuildPhase section */
		F4ABB38D2A93C9010054B84B /* Frameworks */ = {
			isa = PBXFrameworksBuildPhase;
			buildActionMask = 2147483647;
			files = (
			);
			runOnlyForDeploymentPostprocessing = 0;
		};
/* End PBXFrameworksBuildPhase section */

/* Begin PBXGroup section */
		F4ABB3872A93C9010054B84B = {
			isa = PBXGroup;
			children = (
				F4ABB3922A93C9010054B84B /* monarch */,
				F4ABB3912A93C9010054B84B /* Products */,
			);
			sourceTree = "<group>";
		};
		F4ABB3912A93C9010054B84B /* Products */ = {
			isa = PBXGroup;
			children = (
				F4ABB3902A93C9010054B84B /* monarch.app */,
			);
			name = Products;
			sourceTree = "<group>";
		};
		F4ABB3922A93C9010054B84B /* monarch */ = {
			isa = PBXGroup;
			children = (
				FBDCE5022A96776000F33434 /* SearchView.swift */,
				FBDCE5002A96773200F33434 /* LocationManager.swift */,
				F4ABB3932A93C9010054B84B /* monarchApp.swift */,
				F4ABB3952A93C9010054B84B /* ContentView.swift */,
				F4ABB3972A93C9020054B84B /* Assets.xcassets */,
				F4ABB3992A93C9020054B84B /* Preview Content */,
				F4ABB3A12A93CA330054B84B /* MapView.swift */,
				F4ABB3A52A93E03D0054B84B /* EncontroView.swift */,
				F4ABB3A72A93E0670054B84B /* FixoView.swift */,
				F4ABB3A92A93E0750054B84B /* EventoView.swift */,
				FBDCE4FA2A9521F600F33434 /* ViewModel.swift */,
			);
			path = monarch;
			sourceTree = "<group>";
		};
		F4ABB3992A93C9020054B84B /* Preview Content */ = {
			isa = PBXGroup;
			children = (
				F4ABB39A2A93C9020054B84B /* Preview Assets.xcassets */,
			);
			path = "Preview Content";
			sourceTree = "<group>";
		};
/* End PBXGroup section */

/* Begin PBXNativeTarget section */
		F4ABB38F2A93C9010054B84B /* monarch */ = {
			isa = PBXNativeTarget;
			buildConfigurationList = F4ABB39E2A93C9020054B84B /* Build configuration list for PBXNativeTarget "monarch" */;
			buildPhases = (
				F4ABB38C2A93C9010054B84B /* Sources */,
				F4ABB38D2A93C9010054B84B /* Frameworks */,
				F4ABB38E2A93C9010054B84B /* Resources */,
			);
			buildRules = (
			);
			dependencies = (
			);
			name = monarch;
			productName = monarch;
			productReference = F4ABB3902A93C9010054B84B /* monarch.app */;
			productType = "com.apple.product-type.application";
		};
/* End PBXNativeTarget section */

/* Begin PBXProject section */
		F4ABB3882A93C9010054B84B /* Project object */ = {
			isa = PBXProject;
			attributes = {
				BuildIndependentTargetsInParallel = 1;
				LastSwiftUpdateCheck = 1420;
				LastUpgradeCheck = 1420;
				TargetAttributes = {
					F4ABB38F2A93C9010054B84B = {
						CreatedOnToolsVersion = 14.2;
					};
				};
			};
			buildConfigurationList = F4ABB38B2A93C9010054B84B /* Build configuration list for PBXProject "monarch" */;
			compatibilityVersion = "Xcode 14.0";
			developmentRegion = en;
			hasScannedForEncodings = 0;
			knownRegions = (
				en,
				Base,
			);
			mainGroup = F4ABB3872A93C9010054B84B;
			productRefGroup = F4ABB3912A93C9010054B84B /* Products */;
			projectDirPath = "";
			projectRoot = "";
			targets = (
				F4ABB38F2A93C9010054B84B /* monarch */,
			);
		};
/* End PBXProject section */

/* Begin PBXResourcesBuildPhase section */
		F4ABB38E2A93C9010054B84B /* Resources */ = {
			isa = PBXResourcesBuildPhase;
			buildActionMask = 2147483647;
			files = (
				F4ABB39B2A93C9020054B84B /* Preview Assets.xcassets in Resources */,
				F4ABB3982A93C9020054B84B /* Assets.xcassets in Resources */,
			);
			runOnlyForDeploymentPostprocessing = 0;
		};
/* End PBXResourcesBuildPhase section */

/* Begin PBXSourcesBuildPhase section */
		F4ABB38C2A93C9010054B84B /* Sources */ = {
			isa = PBXSourcesBuildPhase;
			buildActionMask = 2147483647;
			files = (
				F4ABB3A82A93E0670054B84B /* FixoView.swift in Sources */,
				FBDCE5032A96776000F33434 /* SearchView.swift in Sources */,
				F4ABB3962A93C9010054B84B /* ContentView.swift in Sources */,
				F4ABB3A62A93E03D0054B84B /* EncontroView.swift in Sources */,
				F4ABB3AA2A93E0750054B84B /* EventoView.swift in Sources */,
				FBDCE5012A96773200F33434 /* LocationManager.swift in Sources */,
				F4ABB3A22A93CA330054B84B /* MapView.swift in Sources */,
				F4ABB3942A93C9010054B84B /* monarchApp.swift in Sources */,
				FBDCE4FB2A9521F600F33434 /* ViewModel.swift in Sources */,
			);
			runOnlyForDeploymentPostprocessing = 0;
		};
/* End PBXSourcesBuildPhase section */

/* Begin XCBuildConfiguration section */
		F4ABB39C2A93C9020054B84B /* Debug */ = {
			isa = XCBuildConfiguration;
			buildSettings = {
				ALWAYS_SEARCH_USER_PATHS = NO;
				CLANG_ANALYZER_NONNULL = YES;
				CLANG_ANALYZER_NUMBER_OBJECT_CONVERSION = YES_AGGRESSIVE;
				CLANG_CXX_LANGUAGE_STANDARD = "gnu++20";
				CLANG_ENABLE_MODULES = YES;
				CLANG_ENABLE_OBJC_ARC = YES;
				CLANG_ENABLE_OBJC_WEAK = YES;
				CLANG_WARN_BLOCK_CAPTURE_AUTORELEASING = YES;
				CLANG_WARN_BOOL_CONVERSION = YES;
				CLANG_WARN_COMMA = YES;
				CLANG_WARN_CONSTANT_CONVERSION = YES;
				CLANG_WARN_DEPRECATED_OBJC_IMPLEMENTATIONS = YES;
				CLANG_WARN_DIRECT_OBJC_ISA_USAGE = YES_ERROR;
				CLANG_WARN_DOCUMENTATION_COMMENTS = YES;
				CLANG_WARN_EMPTY_BODY = YES;
				CLANG_WARN_ENUM_CONVERSION = YES;
				CLANG_WARN_INFINITE_RECURSION = YES;
				CLANG_WARN_INT_CONVERSION = YES;
				CLANG_WARN_NON_LITERAL_NULL_CONVERSION = YES;
				CLANG_WARN_OBJC_IMPLICIT_RETAIN_SELF = YES;
				CLANG_WARN_OBJC_LITERAL_CONVERSION = YES;
				CLANG_WARN_OBJC_ROOT_CLASS = YES_ERROR;
				CLANG_WARN_QUOTED_INCLUDE_IN_FRAMEWORK_HEADER = YES;
				CLANG_WARN_RANGE_LOOP_ANALYSIS = YES;
				CLANG_WARN_STRICT_PROTOTYPES = YES;
				CLANG_WARN_SUSPICIOUS_MOVE = YES;
				CLANG_WARN_UNGUARDED_AVAILABILITY = YES_AGGRESSIVE;
				CLANG_WARN_UNREACHABLE_CODE = YES;
				CLANG_WARN__DUPLICATE_METHOD_MATCH = YES;
				COPY_PHASE_STRIP = NO;
				DEBUG_INFORMATION_FORMAT = dwarf;
				ENABLE_STRICT_OBJC_MSGSEND = YES;
				ENABLE_TESTABILITY = YES;
				GCC_C_LANGUAGE_STANDARD = gnu11;
				GCC_DYNAMIC_NO_PIC = NO;
				GCC_NO_COMMON_BLOCKS = YES;
				GCC_OPTIMIZATION_LEVEL = 0;
				GCC_PREPROCESSOR_DEFINITIONS = (
					"DEBUG=1",
					"$(inherited)",
				);
				GCC_WARN_64_TO_32_BIT_CONVERSION = YES;
				GCC_WARN_ABOUT_RETURN_TYPE = YES_ERROR;
				GCC_WARN_UNDECLARED_SELECTOR = YES;
				GCC_WARN_UNINITIALIZED_AUTOS = YES_AGGRESSIVE;
				GCC_WARN_UNUSED_FUNCTION = YES;
				GCC_WARN_UNUSED_VARIABLE = YES;
				IPHONEOS_DEPLOYMENT_TARGET = 16.2;
				MTL_ENABLE_DEBUG_INFO = INCLUDE_SOURCE;
				MTL_FAST_MATH = YES;
				ONLY_ACTIVE_ARCH = YES;
				SDKROOT = iphoneos;
				SWIFT_ACTIVE_COMPILATION_CONDITIONS = DEBUG;
				SWIFT_OPTIMIZATION_LEVEL = "-Onone";
			};
			name = Debug;
		};
		F4ABB39D2A93C9020054B84B /* Release */ = {
			isa = XCBuildConfiguration;
			buildSettings = {
				ALWAYS_SEARCH_USER_PATHS = NO;
				CLANG_ANALYZER_NONNULL = YES;
				CLANG_ANALYZER_NUMBER_OBJECT_CONVERSION = YES_AGGRESSIVE;
				CLANG_CXX_LANGUAGE_STANDARD = "gnu++20";
				CLANG_ENABLE_MODULES = YES;
				CLANG_ENABLE_OBJC_ARC = YES;
				CLANG_ENABLE_OBJC_WEAK = YES;
				CLANG_WARN_BLOCK_CAPTURE_AUTORELEASING = YES;
				CLANG_WARN_BOOL_CONVERSION = YES;
				CLANG_WARN_COMMA = YES;
				CLANG_WARN_CONSTANT_CONVERSION = YES;
				CLANG_WARN_DEPRECATED_OBJC_IMPLEMENTATIONS = YES;
				CLANG_WARN_DIRECT_OBJC_ISA_USAGE = YES_ERROR;
				CLANG_WARN_DOCUMENTATION_COMMENTS = YES;
				CLANG_WARN_EMPTY_BODY = YES;
				CLANG_WARN_ENUM_CONVERSION = YES;
				CLANG_WARN_INFINITE_RECURSION = YES;
				CLANG_WARN_INT_CONVERSION = YES;
				CLANG_WARN_NON_LITERAL_NULL_CONVERSION = YES;
				CLANG_WARN_OBJC_IMPLICIT_RETAIN_SELF = YES;
				CLANG_WARN_OBJC_LITERAL_CONVERSION = YES;
				CLANG_WARN_OBJC_ROOT_CLASS = YES_ERROR;
				CLANG_WARN_QUOTED_INCLUDE_IN_FRAMEWORK_HEADER = YES;
				CLANG_WARN_RANGE_LOOP_ANALYSIS = YES;
				CLANG_WARN_STRICT_PROTOTYPES = YES;
				CLANG_WARN_SUSPICIOUS_MOVE = YES;
				CLANG_WARN_UNGUARDED_AVAILABILITY = YES_AGGRESSIVE;
				CLANG_WARN_UNREACHABLE_CODE = YES;
				CLANG_WARN__DUPLICATE_METHOD_MATCH = YES;
				COPY_PHASE_STRIP = NO;
				DEBUG_INFORMATION_FORMAT = "dwarf-with-dsym";
				ENABLE_NS_ASSERTIONS = NO;
				ENABLE_STRICT_OBJC_MSGSEND = YES;
				GCC_C_LANGUAGE_STANDARD = gnu11;
				GCC_NO_COMMON_BLOCKS = YES;
				GCC_WARN_64_TO_32_BIT_CONVERSION = YES;
				GCC_WARN_ABOUT_RETURN_TYPE = YES_ERROR;
				GCC_WARN_UNDECLARED_SELECTOR = YES;
				GCC_WARN_UNINITIALIZED_AUTOS = YES_AGGRESSIVE;
				GCC_WARN_UNUSED_FUNCTION = YES;
				GCC_WARN_UNUSED_VARIABLE = YES;
				IPHONEOS_DEPLOYMENT_TARGET = 16.2;
				MTL_ENABLE_DEBUG_INFO = NO;
				MTL_FAST_MATH = YES;
				SDKROOT = iphoneos;
				SWIFT_COMPILATION_MODE = wholemodule;
				SWIFT_OPTIMIZATION_LEVEL = "-O";
				VALIDATE_PRODUCT = YES;
			};
			name = Release;
		};
		F4ABB39F2A93C9020054B84B /* Debug */ = {
			isa = XCBuildConfiguration;
			buildSettings = {
				ASSETCATALOG_COMPILER_APPICON_NAME = AppIcon;
				ASSETCATALOG_COMPILER_GLOBAL_ACCENT_COLOR_NAME = AccentColor;
				CODE_SIGN_STYLE = Automatic;
				CURRENT_PROJECT_VERSION = 1;
				DEVELOPMENT_ASSET_PATHS = "\"monarch/Preview Content\"";
				ENABLE_PREVIEWS = YES;
				GENERATE_INFOPLIST_FILE = YES;
				INFOPLIST_KEY_UIApplicationSceneManifest_Generation = YES;
				INFOPLIST_KEY_UIApplicationSupportsIndirectInputEvents = YES;
				INFOPLIST_KEY_UILaunchScreen_Generation = YES;
				INFOPLIST_KEY_UISupportedInterfaceOrientations_iPad = "UIInterfaceOrientationPortrait UIInterfaceOrientationPortraitUpsideDown UIInterfaceOrientationLandscapeLeft UIInterfaceOrientationLandscapeRight";
				INFOPLIST_KEY_UISupportedInterfaceOrientations_iPhone = "UIInterfaceOrientationPortrait UIInterfaceOrientationLandscapeLeft UIInterfaceOrientationLandscapeRight";
				LD_RUNPATH_SEARCH_PATHS = (
					"$(inherited)",
					"@executable_path/Frameworks",
				);
				MARKETING_VERSION = 1.0;
				PRODUCT_BUNDLE_IDENTIFIER = bruno.monarch;
				PRODUCT_NAME = "$(TARGET_NAME)";
				SWIFT_EMIT_LOC_STRINGS = YES;
				SWIFT_VERSION = 5.0;
				TARGETED_DEVICE_FAMILY = "1,2";
			};
			name = Debug;
		};
		F4ABB3A02A93C9020054B84B /* Release */ = {
			isa = XCBuildConfiguration;
			buildSettings = {
				ASSETCATALOG_COMPILER_APPICON_NAME = AppIcon;
				ASSETCATALOG_COMPILER_GLOBAL_ACCENT_COLOR_NAME = AccentColor;
				CODE_SIGN_STYLE = Automatic;
				CURRENT_PROJECT_VERSION = 1;
				DEVELOPMENT_ASSET_PATHS = "\"monarch/Preview Content\"";
				ENABLE_PREVIEWS = YES;
				GENERATE_INFOPLIST_FILE = YES;
				INFOPLIST_KEY_UIApplicationSceneManifest_Generation = YES;
				INFOPLIST_KEY_UIApplicationSupportsIndirectInputEvents = YES;
				INFOPLIST_KEY_UILaunchScreen_Generation = YES;
				INFOPLIST_KEY_UISupportedInterfaceOrientations_iPad = "UIInterfaceOrientationPortrait UIInterfaceOrientationPortraitUpsideDown UIInterfaceOrientationLandscapeLeft UIInterfaceOrientationLandscapeRight";
				INFOPLIST_KEY_UISupportedInterfaceOrientations_iPhone = "UIInterfaceOrientationPortrait UIInterfaceOrientationLandscapeLeft UIInterfaceOrientationLandscapeRight";
				LD_RUNPATH_SEARCH_PATHS = (
					"$(inherited)",
					"@executable_path/Frameworks",
				);
				MARKETING_VERSION = 1.0;
				PRODUCT_BUNDLE_IDENTIFIER = bruno.monarch;
				PRODUCT_NAME = "$(TARGET_NAME)";
				SWIFT_EMIT_LOC_STRINGS = YES;
				SWIFT_VERSION = 5.0;
				TARGETED_DEVICE_FAMILY = "1,2";
			};
			name = Release;
		};
/* End XCBuildConfiguration section */

/* Begin XCConfigurationList section */
		F4ABB38B2A93C9010054B84B /* Build configuration list for PBXProject "monarch" */ = {
			isa = XCConfigurationList;
			buildConfigurations = (
				F4ABB39C2A93C9020054B84B /* Debug */,
				F4ABB39D2A93C9020054B84B /* Release */,
			);
			defaultConfigurationIsVisible = 0;
			defaultConfigurationName = Release;
		};
		F4ABB39E2A93C9020054B84B /* Build configuration list for PBXNativeTarget "monarch" */ = {
			isa = XCConfigurationList;
			buildConfigurations = (
				F4ABB39F2A93C9020054B84B /* Debug */,
				F4ABB3A02A93C9020054B84B /* Release */,
			);
			defaultConfigurationIsVisible = 0;
			defaultConfigurationName = Release;
		};
/* End XCConfigurationList section */
	};
	rootObject = F4ABB3882A93C9010054B84B /* Project object */;
}
